PODS:
  - Flutter (1.0.0)
  - is_lock_screen (1.0.0):
    - Flutter

DEPENDENCIES:
  - Flutter (from `Flutter`)
  - is_lock_screen (from `.symlinks/plugins/is_lock_screen/ios`)

EXTERNAL SOURCES:
  Flutter:
    :path: Flutter
  is_lock_screen:
    :path: ".symlinks/plugins/is_lock_screen/ios"

SPEC CHECKSUMS:
  Flutter: 434fef37c0980e73bb6479ef766c45957d4b510c
  is_lock_screen: 3312dcce52245e965b893a7886bb1b260ed51472

PODFILE CHECKSUM: aafe91acc616949ddb318b77800a7f51bffa2a4c

COCOAPODS: 1.10.1
